{
  "name": "vercel-tweeter",
  "version": "1.0.0",
  "lockfileVersion": 3,
  "requires": true,
  "packages": {
    "": {
      "name": "vercel-tweeter",
      "version": "1.0.0",
      "license": "ISC",
      "dependencies": {
        "twitter-api-v2": "^1.27.0"
      }
    },
    "node_modules/twitter-api-v2": {
      "version": "1.27.0",
      "resolved": "https://registry.npmjs.org/twitter-api-v2/-/twitter-api-v2-1.27.0.tgz",
      "integrity": "sha512-hbIFwzg0NeOcFOdmJqtKMCXjLjc0INff/7NwhnZ2zpnw65oku8i+0eMxo5M0iTc1hs+inD/IpDw3S0Xh2c45QQ==",
      "license": "Apache-2.0"
    }
  }
}
